// !$*UTF8*$!
{
	archiveVersion = 1;
	classes = {
	};
	objectVersion = 50;
	objects = {

/* Begin PBXBuildFile section */
		2F5C380A23FA179C000985E2 /* RepositoryTableViewCell.swift in Sources */ = {isa = PBXBuildFile; fileRef = 2F5C380823FA179C000985E2 /* RepositoryTableViewCell.swift */; };
		2F5C380B23FA179C000985E2 /* RepositoryTableViewCell.xib in Resources */ = {isa = PBXBuildFile; fileRef = 2F5C380923FA179C000985E2 /* RepositoryTableViewCell.xib */; };
		2F7B7C3423F711C7006D73D2 /* AppDelegate.swift in Sources */ = {isa = PBXBuildFile; fileRef = 2F7B7C3323F711C7006D73D2 /* AppDelegate.swift */; };
		2F7B7C3A23F711C9006D73D2 /* Assets.xcassets in Resources */ = {isa = PBXBuildFile; fileRef = 2F7B7C3923F711C9006D73D2 /* Assets.xcassets */; };
		2F7B7C3D23F711C9006D73D2 /* Preview Assets.xcassets in Resources */ = {isa = PBXBuildFile; fileRef = 2F7B7C3C23F711C9006D73D2 /* Preview Assets.xcassets */; };
		2F7B7C4023F711C9006D73D2 /* LaunchScreen.storyboard in Resources */ = {isa = PBXBuildFile; fileRef = 2F7B7C3E23F711C9006D73D2 /* LaunchScreen.storyboard */; };
		2F7B7C4B23F711C9006D73D2 /* TesteArenaFelipePeriusTests.swift in Sources */ = {isa = PBXBuildFile; fileRef = 2F7B7C4A23F711C9006D73D2 /* TesteArenaFelipePeriusTests.swift */; };
		2F7B7C5623F711C9006D73D2 /* TesteArenaFelipePeriusUITests.swift in Sources */ = {isa = PBXBuildFile; fileRef = 2F7B7C5523F711C9006D73D2 /* TesteArenaFelipePeriusUITests.swift */; };
		2F7B7C6923FA0220006D73D2 /* HomeViewController.swift in Sources */ = {isa = PBXBuildFile; fileRef = 2F7B7C6723FA0220006D73D2 /* HomeViewController.swift */; };
		2F7B7C6D23FA0275006D73D2 /* Home.storyboard in Resources */ = {isa = PBXBuildFile; fileRef = 2F7B7C6C23FA0275006D73D2 /* Home.storyboard */; };
		2F7B7C6F23FA07B2006D73D2 /* HomeViewController+ExtensionNavBar.swift in Sources */ = {isa = PBXBuildFile; fileRef = 2F7B7C6E23FA07B2006D73D2 /* HomeViewController+ExtensionNavBar.swift */; };
/* End PBXBuildFile section */

/* Begin PBXContainerItemProxy section */
		2F7B7C4723F711C9006D73D2 /* PBXContainerItemProxy */ = {
			isa = PBXContainerItemProxy;
			containerPortal = 2F7B7C2823F711C7006D73D2 /* Project object */;
			proxyType = 1;
			remoteGlobalIDString = 2F7B7C2F23F711C7006D73D2;
			remoteInfo = TesteArenaFelipePerius;
		};
		2F7B7C5223F711C9006D73D2 /* PBXContainerItemProxy */ = {
			isa = PBXContainerItemProxy;
			containerPortal = 2F7B7C2823F711C7006D73D2 /* Project object */;
			proxyType = 1;
			remoteGlobalIDString = 2F7B7C2F23F711C7006D73D2;
			remoteInfo = TesteArenaFelipePerius;
		};
/* End PBXContainerItemProxy section */

/* Begin PBXFileReference section */
		2F5C380823FA179C000985E2 /* RepositoryTableViewCell.swift */ = {isa = PBXFileReference; lastKnownFileType = sourcecode.swift; path = RepositoryTableViewCell.swift; sourceTree = "<group>"; };
		2F5C380923FA179C000985E2 /* RepositoryTableViewCell.xib */ = {isa = PBXFileReference; lastKnownFileType = file.xib; path = RepositoryTableViewCell.xib; sourceTree = "<group>"; };
		2F7B7C3023F711C7006D73D2 /* TesteArenaFelipePerius.app */ = {isa = PBXFileReference; explicitFileType = wrapper.application; includeInIndex = 0; path = TesteArenaFelipePerius.app; sourceTree = BUILT_PRODUCTS_DIR; };
		2F7B7C3323F711C7006D73D2 /* AppDelegate.swift */ = {isa = PBXFileReference; lastKnownFileType = sourcecode.swift; path = AppDelegate.swift; sourceTree = "<group>"; };
		2F7B7C3923F711C9006D73D2 /* Assets.xcassets */ = {isa = PBXFileReference; lastKnownFileType = folder.assetcatalog; path = Assets.xcassets; sourceTree = "<group>"; };
		2F7B7C3C23F711C9006D73D2 /* Preview Assets.xcassets */ = {isa = PBXFileReference; lastKnownFileType = folder.assetcatalog; path = "Preview Assets.xcassets"; sourceTree = "<group>"; };
		2F7B7C3F23F711C9006D73D2 /* Base */ = {isa = PBXFileReference; lastKnownFileType = file.storyboard; name = Base; path = Base.lproj/LaunchScreen.storyboard; sourceTree = "<group>"; };
		2F7B7C4123F711C9006D73D2 /* Info.plist */ = {isa = PBXFileReference; lastKnownFileType = text.plist.xml; path = Info.plist; sourceTree = "<group>"; };
		2F7B7C4623F711C9006D73D2 /* TesteArenaFelipePeriusTests.xctest */ = {isa = PBXFileReference; explicitFileType = wrapper.cfbundle; includeInIndex = 0; path = TesteArenaFelipePeriusTests.xctest; sourceTree = BUILT_PRODUCTS_DIR; };
		2F7B7C4A23F711C9006D73D2 /* TesteArenaFelipePeriusTests.swift */ = {isa = PBXFileReference; lastKnownFileType = sourcecode.swift; path = TesteArenaFelipePeriusTests.swift; sourceTree = "<group>"; };
		2F7B7C4C23F711C9006D73D2 /* Info.plist */ = {isa = PBXFileReference; lastKnownFileType = text.plist.xml; path = Info.plist; sourceTree = "<group>"; };
		2F7B7C5123F711C9006D73D2 /* TesteArenaFelipePeriusUITests.xctest */ = {isa = PBXFileReference; explicitFileType = wrapper.cfbundle; includeInIndex = 0; path = TesteArenaFelipePeriusUITests.xctest; sourceTree = BUILT_PRODUCTS_DIR; };
		2F7B7C5523F711C9006D73D2 /* TesteArenaFelipePeriusUITests.swift */ = {isa = PBXFileReference; lastKnownFileType = sourcecode.swift; path = TesteArenaFelipePeriusUITests.swift; sourceTree = "<group>"; };
		2F7B7C5723F711C9006D73D2 /* Info.plist */ = {isa = PBXFileReference; lastKnownFileType = text.plist.xml; path = Info.plist; sourceTree = "<group>"; };
		2F7B7C6723FA0220006D73D2 /* HomeViewController.swift */ = {isa = PBXFileReference; lastKnownFileType = sourcecode.swift; path = HomeViewController.swift; sourceTree = "<group>"; };
		2F7B7C6C23FA0275006D73D2 /* Home.storyboard */ = {isa = PBXFileReference; lastKnownFileType = file.storyboard; path = Home.storyboard; sourceTree = "<group>"; };
		2F7B7C6E23FA07B2006D73D2 /* HomeViewController+ExtensionNavBar.swift */ = {isa = PBXFileReference; lastKnownFileType = sourcecode.swift; path = "HomeViewController+ExtensionNavBar.swift"; sourceTree = "<group>"; };
/* End PBXFileReference section */

/* Begin PBXFrameworksBuildPhase section */
		2F7B7C2D23F711C7006D73D2 /* Frameworks */ = {
			isa = PBXFrameworksBuildPhase;
			buildActionMask = 2147483647;
			files = (
			);
			runOnlyForDeploymentPostprocessing = 0;
		};
		2F7B7C4323F711C9006D73D2 /* Frameworks */ = {
			isa = PBXFrameworksBuildPhase;
			buildActionMask = 2147483647;
			files = (
			);
			runOnlyForDeploymentPostprocessing = 0;
		};
		2F7B7C4E23F711C9006D73D2 /* Frameworks */ = {
			isa = PBXFrameworksBuildPhase;
			buildActionMask = 2147483647;
			files = (
			);
			runOnlyForDeploymentPostprocessing = 0;
		};
/* End PBXFrameworksBuildPhase section */

/* Begin PBXGroup section */
		2F7B7C2723F711C7006D73D2 = {
			isa = PBXGroup;
			children = (
				2F7B7C3223F711C7006D73D2 /* TesteArenaFelipePerius */,
				2F7B7C4923F711C9006D73D2 /* TesteArenaFelipePeriusTests */,
				2F7B7C5423F711C9006D73D2 /* TesteArenaFelipePeriusUITests */,
				2F7B7C3123F711C7006D73D2 /* Products */,
			);
			sourceTree = "<group>";
		};
		2F7B7C3123F711C7006D73D2 /* Products */ = {
			isa = PBXGroup;
			children = (
				2F7B7C3023F711C7006D73D2 /* TesteArenaFelipePerius.app */,
				2F7B7C4623F711C9006D73D2 /* TesteArenaFelipePeriusTests.xctest */,
				2F7B7C5123F711C9006D73D2 /* TesteArenaFelipePeriusUITests.xctest */,
			);
			name = Products;
			sourceTree = "<group>";
		};
		2F7B7C3223F711C7006D73D2 /* TesteArenaFelipePerius */ = {
			isa = PBXGroup;
			children = (
				2F7B7C6423FA00FD006D73D2 /* View */,
				2F7B7C6323FA00E9006D73D2 /* Scenes */,
				2F7B7C3323F711C7006D73D2 /* AppDelegate.swift */,
				2F7B7C3923F711C9006D73D2 /* Assets.xcassets */,
				2F7B7C4123F711C9006D73D2 /* Info.plist */,
				2F7B7C3B23F711C9006D73D2 /* Preview Content */,
			);
			path = TesteArenaFelipePerius;
			sourceTree = "<group>";
		};
		2F7B7C3B23F711C9006D73D2 /* Preview Content */ = {
			isa = PBXGroup;
			children = (
				2F7B7C3C23F711C9006D73D2 /* Preview Assets.xcassets */,
			);
			path = "Preview Content";
			sourceTree = "<group>";
		};
		2F7B7C4923F711C9006D73D2 /* TesteArenaFelipePeriusTests */ = {
			isa = PBXGroup;
			children = (
				2F7B7C4A23F711C9006D73D2 /* TesteArenaFelipePeriusTests.swift */,
				2F7B7C4C23F711C9006D73D2 /* Info.plist */,
			);
			path = TesteArenaFelipePeriusTests;
			sourceTree = "<group>";
		};
		2F7B7C5423F711C9006D73D2 /* TesteArenaFelipePeriusUITests */ = {
			isa = PBXGroup;
			children = (
				2F7B7C5523F711C9006D73D2 /* TesteArenaFelipePeriusUITests.swift */,
				2F7B7C5723F711C9006D73D2 /* Info.plist */,
			);
			path = TesteArenaFelipePeriusUITests;
			sourceTree = "<group>";
		};
		2F7B7C6323FA00E9006D73D2 /* Scenes */ = {
			isa = PBXGroup;
			children = (
				2F7B7C6623FA01CD006D73D2 /* PullRequestList */,
				2F7B7C6523FA01C8006D73D2 /* Home */,
			);
			path = Scenes;
			sourceTree = "<group>";
		};
		2F7B7C6423FA00FD006D73D2 /* View */ = {
			isa = PBXGroup;
			children = (
				2F7B7C7023FA0F60006D73D2 /* Cells */,
				2F7B7C6B23FA0246006D73D2 /* Storyboard */,
			);
			path = View;
			sourceTree = "<group>";
		};
		2F7B7C6523FA01C8006D73D2 /* Home */ = {
			isa = PBXGroup;
			children = (
				2F7B7C6723FA0220006D73D2 /* HomeViewController.swift */,
				2F7B7C6E23FA07B2006D73D2 /* HomeViewController+ExtensionNavBar.swift */,
			);
			path = Home;
			sourceTree = "<group>";
		};
		2F7B7C6623FA01CD006D73D2 /* PullRequestList */ = {
			isa = PBXGroup;
			children = (
			);
			path = PullRequestList;
			sourceTree = "<group>";
		};
		2F7B7C6B23FA0246006D73D2 /* Storyboard */ = {
			isa = PBXGroup;
			children = (
				2F7B7C3E23F711C9006D73D2 /* LaunchScreen.storyboard */,
				2F7B7C6C23FA0275006D73D2 /* Home.storyboard */,
			);
			path = Storyboard;
			sourceTree = "<group>";
		};
		2F7B7C7023FA0F60006D73D2 /* Cells */ = {
			isa = PBXGroup;
			children = (
				2F5C380823FA179C000985E2 /* RepositoryTableViewCell.swift */,
				2F5C380923FA179C000985E2 /* RepositoryTableViewCell.xib */,
			);
			path = Cells;
			sourceTree = "<group>";
		};
/* End PBXGroup section */

/* Begin PBXNativeTarget section */
		2F7B7C2F23F711C7006D73D2 /* TesteArenaFelipePerius */ = {
			isa = PBXNativeTarget;
			buildConfigurationList = 2F7B7C5A23F711C9006D73D2 /* Build configuration list for PBXNativeTarget "TesteArenaFelipePerius" */;
			buildPhases = (
				2F7B7C2C23F711C7006D73D2 /* Sources */,
				2F7B7C2D23F711C7006D73D2 /* Frameworks */,
				2F7B7C2E23F711C7006D73D2 /* Resources */,
			);
			buildRules = (
			);
			dependencies = (
			);
			name = TesteArenaFelipePerius;
			productName = TesteArenaFelipePerius;
			productReference = 2F7B7C3023F711C7006D73D2 /* TesteArenaFelipePerius.app */;
			productType = "com.apple.product-type.application";
		};
		2F7B7C4523F711C9006D73D2 /* TesteArenaFelipePeriusTests */ = {
			isa = PBXNativeTarget;
			buildConfigurationList = 2F7B7C5D23F711C9006D73D2 /* Build configuration list for PBXNativeTarget "TesteArenaFelipePeriusTests" */;
			buildPhases = (
				2F7B7C4223F711C9006D73D2 /* Sources */,
				2F7B7C4323F711C9006D73D2 /* Frameworks */,
				2F7B7C4423F711C9006D73D2 /* Resources */,
			);
			buildRules = (
			);
			dependencies = (
				2F7B7C4823F711C9006D73D2 /* PBXTargetDependency */,
			);
			name = TesteArenaFelipePeriusTests;
			productName = TesteArenaFelipePeriusTests;
			productReference = 2F7B7C4623F711C9006D73D2 /* TesteArenaFelipePeriusTests.xctest */;
			productType = "com.apple.product-type.bundle.unit-test";
		};
		2F7B7C5023F711C9006D73D2 /* TesteArenaFelipePeriusUITests */ = {
			isa = PBXNativeTarget;
			buildConfigurationList = 2F7B7C6023F711C9006D73D2 /* Build configuration list for PBXNativeTarget "TesteArenaFelipePeriusUITests" */;
			buildPhases = (
				2F7B7C4D23F711C9006D73D2 /* Sources */,
				2F7B7C4E23F711C9006D73D2 /* Frameworks */,
				2F7B7C4F23F711C9006D73D2 /* Resources */,
			);
			buildRules = (
			);
			dependencies = (
				2F7B7C5323F711C9006D73D2 /* PBXTargetDependency */,
			);
			name = TesteArenaFelipePeriusUITests;
			productName = TesteArenaFelipePeriusUITests;
			productReference = 2F7B7C5123F711C9006D73D2 /* TesteArenaFelipePeriusUITests.xctest */;
			productType = "com.apple.product-type.bundle.ui-testing";
		};
/* End PBXNativeTarget section */

/* Begin PBXProject section */
		2F7B7C2823F711C7006D73D2 /* Project object */ = {
			isa = PBXProject;
			attributes = {
				LastSwiftUpdateCheck = 1120;
				LastUpgradeCheck = 1120;
				ORGANIZATIONNAME = "Felipe Perius";
				TargetAttributes = {
					2F7B7C2F23F711C7006D73D2 = {
						CreatedOnToolsVersion = 11.2.1;
					};
					2F7B7C4523F711C9006D73D2 = {
						CreatedOnToolsVersion = 11.2.1;
						TestTargetID = 2F7B7C2F23F711C7006D73D2;
					};
					2F7B7C5023F711C9006D73D2 = {
						CreatedOnToolsVersion = 11.2.1;
						TestTargetID = 2F7B7C2F23F711C7006D73D2;
					};
				};
			};
			buildConfigurationList = 2F7B7C2B23F711C7006D73D2 /* Build configuration list for PBXProject "TesteArenaFelipePerius" */;
			compatibilityVersion = "Xcode 9.3";
			developmentRegion = en;
			hasScannedForEncodings = 0;
			knownRegions = (
				en,
				Base,
			);
			mainGroup = 2F7B7C2723F711C7006D73D2;
			productRefGroup = 2F7B7C3123F711C7006D73D2 /* Products */;
			projectDirPath = "";
			projectRoot = "";
			targets = (
				2F7B7C2F23F711C7006D73D2 /* TesteArenaFelipePerius */,
				2F7B7C4523F711C9006D73D2 /* TesteArenaFelipePeriusTests */,
				2F7B7C5023F711C9006D73D2 /* TesteArenaFelipePeriusUITests */,
			);
		};
/* End PBXProject section */

/* Begin PBXResourcesBuildPhase section */
		2F7B7C2E23F711C7006D73D2 /* Resources */ = {
			isa = PBXResourcesBuildPhase;
			buildActionMask = 2147483647;
			files = (
				2F5C380B23FA179C000985E2 /* RepositoryTableViewCell.xib in Resources */,
				2F7B7C4023F711C9006D73D2 /* LaunchScreen.storyboard in Resources */,
				2F7B7C6D23FA0275006D73D2 /* Home.storyboard in Resources */,
				2F7B7C3D23F711C9006D73D2 /* Preview Assets.xcassets in Resources */,
				2F7B7C3A23F711C9006D73D2 /* Assets.xcassets in Resources */,
			);
			runOnlyForDeploymentPostprocessing = 0;
		};
		2F7B7C4423F711C9006D73D2 /* Resources */ = {
			isa = PBXResourcesBuildPhase;
			buildActionMask = 2147483647;
			files = (
			);
			runOnlyForDeploymentPostprocessing = 0;
		};
		2F7B7C4F23F711C9006D73D2 /* Resources */ = {
			isa = PBXResourcesBuildPhase;
			buildActionMask = 2147483647;
			files = (
			);
			runOnlyForDeploymentPostprocessing = 0;
		};
/* End PBXResourcesBuildPhase section */

/* Begin PBXSourcesBuildPhase section */
		2F7B7C2C23F711C7006D73D2 /* Sources */ = {
			isa = PBXSourcesBuildPhase;
			buildActionMask = 2147483647;
			files = (
				2F7B7C3423F711C7006D73D2 /* AppDelegate.swift in Sources */,
				2F7B7C6F23FA07B2006D73D2 /* HomeViewController+ExtensionNavBar.swift in Sources */,
				2F7B7C6923FA0220006D73D2 /* HomeViewController.swift in Sources */,
				2F5C380A23FA179C000985E2 /* RepositoryTableViewCell.swift in Sources */,
			);
			runOnlyForDeploymentPostprocessing = 0;
		};
		2F7B7C4223F711C9006D73D2 /* Sources */ = {
			isa = PBXSourcesBuildPhase;
			buildActionMask = 2147483647;
			files = (
				2F7B7C4B23F711C9006D73D2 /* TesteArenaFelipePeriusTests.swift in Sources */,
			);
			runOnlyForDeploymentPostprocessing = 0;
		};
		2F7B7C4D23F711C9006D73D2 /* Sources */ = {
			isa = PBXSourcesBuildPhase;
			buildActionMask = 2147483647;
			files = (
				2F7B7C5623F711C9006D73D2 /* TesteArenaFelipePeriusUITests.swift in Sources */,
			);
			runOnlyForDeploymentPostprocessing = 0;
		};
/* End PBXSourcesBuildPhase section */

/* Begin PBXTargetDependency section */
		2F7B7C4823F711C9006D73D2 /* PBXTargetDependency */ = {
			isa = PBXTargetDependency;
			target = 2F7B7C2F23F711C7006D73D2 /* TesteArenaFelipePerius */;
			targetProxy = 2F7B7C4723F711C9006D73D2 /* PBXContainerItemProxy */;
		};
		2F7B7C5323F711C9006D73D2 /* PBXTargetDependency */ = {
			isa = PBXTargetDependency;
			target = 2F7B7C2F23F711C7006D73D2 /* TesteArenaFelipePerius */;
			targetProxy = 2F7B7C5223F711C9006D73D2 /* PBXContainerItemProxy */;
		};
/* End PBXTargetDependency section */

/* Begin PBXVariantGroup section */
		2F7B7C3E23F711C9006D73D2 /* LaunchScreen.storyboard */ = {
			isa = PBXVariantGroup;
			children = (
				2F7B7C3F23F711C9006D73D2 /* Base */,
			);
			name = LaunchScreen.storyboard;
			sourceTree = "<group>";
		};
/* End PBXVariantGroup section */

/* Begin XCBuildConfiguration section */
		2F7B7C5823F711C9006D73D2 /* Debug */ = {
			isa = XCBuildConfiguration;
			buildSettings = {
				ALWAYS_SEARCH_USER_PATHS = NO;
				CLANG_ANALYZER_NONNULL = YES;
				CLANG_ANALYZER_NUMBER_OBJECT_CONVERSION = YES_AGGRESSIVE;
				CLANG_CXX_LANGUAGE_STANDARD = "gnu++14";
				CLANG_CXX_LIBRARY = "libc++";
				CLANG_ENABLE_MODULES = YES;
				CLANG_ENABLE_OBJC_ARC = YES;
				CLANG_ENABLE_OBJC_WEAK = YES;
				CLANG_WARN_BLOCK_CAPTURE_AUTORELEASING = YES;
				CLANG_WARN_BOOL_CONVERSION = YES;
				CLANG_WARN_COMMA = YES;
				CLANG_WARN_CONSTANT_CONVERSION = YES;
				CLANG_WARN_DEPRECATED_OBJC_IMPLEMENTATIONS = YES;
				CLANG_WARN_DIRECT_OBJC_ISA_USAGE = YES_ERROR;
				CLANG_WARN_DOCUMENTATION_COMMENTS = YES;
				CLANG_WARN_EMPTY_BODY = YES;
				CLANG_WARN_ENUM_CONVERSION = YES;
				CLANG_WARN_INFINITE_RECURSION = YES;
				CLANG_WARN_INT_CONVERSION = YES;
				CLANG_WARN_NON_LITERAL_NULL_CONVERSION = YES;
				CLANG_WARN_OBJC_IMPLICIT_RETAIN_SELF = YES;
				CLANG_WARN_OBJC_LITERAL_CONVERSION = YES;
				CLANG_WARN_OBJC_ROOT_CLASS = YES_ERROR;
				CLANG_WARN_RANGE_LOOP_ANALYSIS = YES;
				CLANG_WARN_STRICT_PROTOTYPES = YES;
				CLANG_WARN_SUSPICIOUS_MOVE = YES;
				CLANG_WARN_UNGUARDED_AVAILABILITY = YES_AGGRESSIVE;
				CLANG_WARN_UNREACHABLE_CODE = YES;
				CLANG_WARN__DUPLICATE_METHOD_MATCH = YES;
				COPY_PHASE_STRIP = NO;
				DEBUG_INFORMATION_FORMAT = dwarf;
				ENABLE_STRICT_OBJC_MSGSEND = YES;
				ENABLE_TESTABILITY = YES;
				GCC_C_LANGUAGE_STANDARD = gnu11;
				GCC_DYNAMIC_NO_PIC = NO;
				GCC_NO_COMMON_BLOCKS = YES;
				GCC_OPTIMIZATION_LEVEL = 0;
				GCC_PREPROCESSOR_DEFINITIONS = (
					"DEBUG=1",
					"$(inherited)",
				);
				GCC_WARN_64_TO_32_BIT_CONVERSION = YES;
				GCC_WARN_ABOUT_RETURN_TYPE = YES_ERROR;
				GCC_WARN_UNDECLARED_SELECTOR = YES;
				GCC_WARN_UNINITIALIZED_AUTOS = YES_AGGRESSIVE;
				GCC_WARN_UNUSED_FUNCTION = YES;
				GCC_WARN_UNUSED_VARIABLE = YES;
				IPHONEOS_DEPLOYMENT_TARGET = 13.2;
				MTL_ENABLE_DEBUG_INFO = INCLUDE_SOURCE;
				MTL_FAST_MATH = YES;
				ONLY_ACTIVE_ARCH = YES;
				SDKROOT = iphoneos;
				SWIFT_ACTIVE_COMPILATION_CONDITIONS = DEBUG;
				SWIFT_OPTIMIZATION_LEVEL = "-Onone";
			};
			name = Debug;
		};
		2F7B7C5923F711C9006D73D2 /* Release */ = {
			isa = XCBuildConfiguration;
			buildSettings = {
				ALWAYS_SEARCH_USER_PATHS = NO;
				CLANG_ANALYZER_NONNULL = YES;
				CLANG_ANALYZER_NUMBER_OBJECT_CONVERSION = YES_AGGRESSIVE;
				CLANG_CXX_LANGUAGE_STANDARD = "gnu++14";
				CLANG_CXX_LIBRARY = "libc++";
				CLANG_ENABLE_MODULES = YES;
				CLANG_ENABLE_OBJC_ARC = YES;
				CLANG_ENABLE_OBJC_WEAK = YES;
				CLANG_WARN_BLOCK_CAPTURE_AUTORELEASING = YES;
				CLANG_WARN_BOOL_CONVERSION = YES;
				CLANG_WARN_COMMA = YES;
				CLANG_WARN_CONSTANT_CONVERSION = YES;
				CLANG_WARN_DEPRECATED_OBJC_IMPLEMENTATIONS = YES;
				CLANG_WARN_DIRECT_OBJC_ISA_USAGE = YES_ERROR;
				CLANG_WARN_DOCUMENTATION_COMMENTS = YES;
				CLANG_WARN_EMPTY_BODY = YES;
				CLANG_WARN_ENUM_CONVERSION = YES;
				CLANG_WARN_INFINITE_RECURSION = YES;
				CLANG_WARN_INT_CONVERSION = YES;
				CLANG_WARN_NON_LITERAL_NULL_CONVERSION = YES;
				CLANG_WARN_OBJC_IMPLICIT_RETAIN_SELF = YES;
				CLANG_WARN_OBJC_LITERAL_CONVERSION = YES;
				CLANG_WARN_OBJC_ROOT_CLASS = YES_ERROR;
				CLANG_WARN_RANGE_LOOP_ANALYSIS = YES;
				CLANG_WARN_STRICT_PROTOTYPES = YES;
				CLANG_WARN_SUSPICIOUS_MOVE = YES;
				CLANG_WARN_UNGUARDED_AVAILABILITY = YES_AGGRESSIVE;
				CLANG_WARN_UNREACHABLE_CODE = YES;
				CLANG_WARN__DUPLICATE_METHOD_MATCH = YES;
				COPY_PHASE_STRIP = NO;
				DEBUG_INFORMATION_FORMAT = "dwarf-with-dsym";
				ENABLE_NS_ASSERTIONS = NO;
				ENABLE_STRICT_OBJC_MSGSEND = YES;
				GCC_C_LANGUAGE_STANDARD = gnu11;
				GCC_NO_COMMON_BLOCKS = YES;
				GCC_WARN_64_TO_32_BIT_CONVERSION = YES;
				GCC_WARN_ABOUT_RETURN_TYPE = YES_ERROR;
				GCC_WARN_UNDECLARED_SELECTOR = YES;
				GCC_WARN_UNINITIALIZED_AUTOS = YES_AGGRESSIVE;
				GCC_WARN_UNUSED_FUNCTION = YES;
				GCC_WARN_UNUSED_VARIABLE = YES;
				IPHONEOS_DEPLOYMENT_TARGET = 13.2;
				MTL_ENABLE_DEBUG_INFO = NO;
				MTL_FAST_MATH = YES;
				SDKROOT = iphoneos;
				SWIFT_COMPILATION_MODE = wholemodule;
				SWIFT_OPTIMIZATION_LEVEL = "-O";
				VALIDATE_PRODUCT = YES;
			};
			name = Release;
		};
		2F7B7C5B23F711C9006D73D2 /* Debug */ = {
			isa = XCBuildConfiguration;
			buildSettings = {
				ASSETCATALOG_COMPILER_APPICON_NAME = AppIcon;
				CODE_SIGN_STYLE = Automatic;
				DEVELOPMENT_ASSET_PATHS = "\"TesteArenaFelipePerius/Preview Content\"";
				DEVELOPMENT_TEAM = V927RLF8V5;
				ENABLE_PREVIEWS = YES;
				INFOPLIST_FILE = TesteArenaFelipePerius/Info.plist;
				LD_RUNPATH_SEARCH_PATHS = (
					"$(inherited)",
					"@executable_path/Frameworks",
				);
				PRODUCT_BUNDLE_IDENTIFIER = br.com.testearena.TesteArenaFelipePerius;
				PRODUCT_NAME = "$(TARGET_NAME)";
				SWIFT_VERSION = 5.0;
				TARGETED_DEVICE_FAMILY = "1,2";
			};
			name = Debug;
		};
		2F7B7C5C23F711C9006D73D2 /* Release */ = {
			isa = XCBuildConfiguration;
			buildSettings = {
				ASSETCATALOG_COMPILER_APPICON_NAME = AppIcon;
				CODE_SIGN_STYLE = Automatic;
				DEVELOPMENT_ASSET_PATHS = "\"TesteArenaFelipePerius/Preview Content\"";
				DEVELOPMENT_TEAM = V927RLF8V5;
				ENABLE_PREVIEWS = YES;
				INFOPLIST_FILE = TesteArenaFelipePerius/Info.plist;
				LD_RUNPATH_SEARCH_PATHS = (
					"$(inherited)",
					"@executable_path/Frameworks",
				);
				PRODUCT_BUNDLE_IDENTIFIER = br.com.testearena.TesteArenaFelipePerius;
				PRODUCT_NAME = "$(TARGET_NAME)";
				SWIFT_VERSION = 5.0;
				TARGETED_DEVICE_FAMILY = "1,2";
			};
			name = Release;
		};
		2F7B7C5E23F711C9006D73D2 /* Debug */ = {
			isa = XCBuildConfiguration;
			buildSettings = {
				ALWAYS_EMBED_SWIFT_STANDARD_LIBRARIES = YES;
				BUNDLE_LOADER = "$(TEST_HOST)";
				CODE_SIGN_STYLE = Automatic;
				DEVELOPMENT_TEAM = V927RLF8V5;
				INFOPLIST_FILE = TesteArenaFelipePeriusTests/Info.plist;
				IPHONEOS_DEPLOYMENT_TARGET = 13.2;
				LD_RUNPATH_SEARCH_PATHS = (
					"$(inherited)",
					"@executable_path/Frameworks",
					"@loader_path/Frameworks",
				);
				PRODUCT_BUNDLE_IDENTIFIER = br.com.testearena.TesteArenaFelipePeriusTests;
				PRODUCT_NAME = "$(TARGET_NAME)";
				SWIFT_VERSION = 5.0;
				TARGETED_DEVICE_FAMILY = "1,2";
				TEST_HOST = "$(BUILT_PRODUCTS_DIR)/TesteArenaFelipePerius.app/TesteArenaFelipePerius";
			};
			name = Debug;
		};
		2F7B7C5F23F711C9006D73D2 /* Release */ = {
			isa = XCBuildConfiguration;
			buildSettings = {
				ALWAYS_EMBED_SWIFT_STANDARD_LIBRARIES = YES;
				BUNDLE_LOADER = "$(TEST_HOST)";
				CODE_SIGN_STYLE = Automatic;
				DEVELOPMENT_TEAM = V927RLF8V5;
				INFOPLIST_FILE = TesteArenaFelipePeriusTests/Info.plist;
				IPHONEOS_DEPLOYMENT_TARGET = 13.2;
				LD_RUNPATH_SEARCH_PATHS = (
					"$(inherited)",
					"@executable_path/Frameworks",
					"@loader_path/Frameworks",
				);
				PRODUCT_BUNDLE_IDENTIFIER = br.com.testearena.TesteArenaFelipePeriusTests;
				PRODUCT_NAME = "$(TARGET_NAME)";
				SWIFT_VERSION = 5.0;
				TARGETED_DEVICE_FAMILY = "1,2";
				TEST_HOST = "$(BUILT_PRODUCTS_DIR)/TesteArenaFelipePerius.app/TesteArenaFelipePerius";
			};
			name = Release;
		};
		2F7B7C6123F711C9006D73D2 /* Debug */ = {
			isa = XCBuildConfiguration;
			buildSettings = {
				ALWAYS_EMBED_SWIFT_STANDARD_LIBRARIES = YES;
				CODE_SIGN_STYLE = Automatic;
				DEVELOPMENT_TEAM = V927RLF8V5;
				INFOPLIST_FILE = TesteArenaFelipePeriusUITests/Info.plist;
				LD_RUNPATH_SEARCH_PATHS = (
					"$(inherited)",
					"@executable_path/Frameworks",
					"@loader_path/Frameworks",
				);
				PRODUCT_BUNDLE_IDENTIFIER = br.com.testearena.TesteArenaFelipePeriusUITests;
				PRODUCT_NAME = "$(TARGET_NAME)";
				SWIFT_VERSION = 5.0;
				TARGETED_DEVICE_FAMILY = "1,2";
				TEST_TARGET_NAME = TesteArenaFelipePerius;
			};
			name = Debug;
		};
		2F7B7C6223F711C9006D73D2 /* Release */ = {
			isa = XCBuildConfiguration;
			buildSettings = {
				ALWAYS_EMBED_SWIFT_STANDARD_LIBRARIES = YES;
				CODE_SIGN_STYLE = Automatic;
				DEVELOPMENT_TEAM = V927RLF8V5;
				INFOPLIST_FILE = TesteArenaFelipePeriusUITests/Info.plist;
				LD_RUNPATH_SEARCH_PATHS = (
					"$(inherited)",
					"@executable_path/Frameworks",
					"@loader_path/Frameworks",
				);
				PRODUCT_BUNDLE_IDENTIFIER = br.com.testearena.TesteArenaFelipePeriusUITests;
				PRODUCT_NAME = "$(TARGET_NAME)";
				SWIFT_VERSION = 5.0;
				TARGETED_DEVICE_FAMILY = "1,2";
				TEST_TARGET_NAME = TesteArenaFelipePerius;
			};
			name = Release;
		};
/* End XCBuildConfiguration section */

/* Begin XCConfigurationList section */
		2F7B7C2B23F711C7006D73D2 /* Build configuration list for PBXProject "TesteArenaFelipePerius" */ = {
			isa = XCConfigurationList;
			buildConfigurations = (
				2F7B7C5823F711C9006D73D2 /* Debug */,
				2F7B7C5923F711C9006D73D2 /* Release */,
			);
			defaultConfigurationIsVisible = 0;
			defaultConfigurationName = Release;
		};
		2F7B7C5A23F711C9006D73D2 /* Build configuration list for PBXNativeTarget "TesteArenaFelipePerius" */ = {
			isa = XCConfigurationList;
			buildConfigurations = (
				2F7B7C5B23F711C9006D73D2 /* Debug */,
				2F7B7C5C23F711C9006D73D2 /* Release */,
			);
			defaultConfigurationIsVisible = 0;
			defaultConfigurationName = Release;
		};
		2F7B7C5D23F711C9006D73D2 /* Build configuration list for PBXNativeTarget "TesteArenaFelipePeriusTests" */ = {
			isa = XCConfigurationList;
			buildConfigurations = (
				2F7B7C5E23F711C9006D73D2 /* Debug */,
				2F7B7C5F23F711C9006D73D2 /* Release */,
			);
			defaultConfigurationIsVisible = 0;
			defaultConfigurationName = Release;
		};
		2F7B7C6023F711C9006D73D2 /* Build configuration list for PBXNativeTarget "TesteArenaFelipePeriusUITests" */ = {
			isa = XCConfigurationList;
			buildConfigurations = (
				2F7B7C6123F711C9006D73D2 /* Debug */,
				2F7B7C6223F711C9006D73D2 /* Release */,
			);
			defaultConfigurationIsVisible = 0;
			defaultConfigurationName = Release;
		};
/* End XCConfigurationList section */
	};
	rootObject = 2F7B7C2823F711C7006D73D2 /* Project object */;
}
